
Microsoft Visual Studio Solution File, Format Version 12.00
# Visual Studio Version 17
VisualStudioVersion = 17.10.35122.118
MinimumVisualStudioVersion = 10.0.40219.1
Project("{9A19103F-16F7-4668-BE54-9A1E7A4F7556}") = "RazorLive", "RazorLive\RazorLive.csproj", "{51793DE4-1325-43E3-A7AC-EB856AC3DEEA}"
EndProject
Global
	GlobalSection(SolutionConfigurationPlatforms) = preSolution
		Debug|Any CPU = Debug|Any CPU
		Release|Any CPU = Release|Any CPU
	EndGlobalSection
	GlobalSection(ProjectConfigurationPlatforms) = postSolution
		{51793DE4-1325-43E3-A7AC-EB856AC3DEEA}.Debug|Any CPU.ActiveCfg = Debug|Any CPU
		{51793DE4-1325-43E3-A7AC-EB856AC3DEEA}.Debug|Any CPU.Build.0 = Debug|Any CPU
		{51793DE4-1325-43E3-A7AC-EB856AC3DEEA}.Release|Any CPU.ActiveCfg = Release|Any CPU
		{51793DE4-1325-43E3-A7AC-EB856AC3DEEA}.Release|Any CPU.Build.0 = Release|Any CPU
	EndGlobalSection
	GlobalSection(SolutionProperties) = preSolution
		HideSolutionNode = FALSE
	EndGlobalSection
	GlobalSection(ExtensibilityGlobals) = postSolution
		SolutionGuid = {8D22CCF3-D66F-4BD7-8965-F86983E7D31F}
	EndGlobalSection
EndGlobal
